Microsoft Visual Studio Solution File, Format Version 12.00
# Visual Studio 2012
Project("{FAE04EC0-301F-11D3-BF4B-00C04F79EFBC}") = "Gravitas", "Gravitas.csproj", "{37B15633-7916-4F04-9913-9DF8C7B61A5D}"
EndProject
Global
	GlobalSection(SolutionConfigurationPlatforms) = preSolution
	Debug|Any CPU = Debug|Any CPU
	ExportDebug|Any CPU = ExportDebug|Any CPU
	ExportRelease|Any CPU = ExportRelease|Any CPU
	EndGlobalSection
	GlobalSection(ProjectConfigurationPlatforms) = postSolution
		{37B15633-7916-4F04-9913-9DF8C7B61A5D}.Debug|Any CPU.ActiveCfg = Debug|Any CPU
		{37B15633-7916-4F04-9913-9DF8C7B61A5D}.Debug|Any CPU.Build.0 = Debug|Any CPU
		{37B15633-7916-4F04-9913-9DF8C7B61A5D}.ExportDebug|Any CPU.ActiveCfg = ExportDebug|Any CPU
		{37B15633-7916-4F04-9913-9DF8C7B61A5D}.ExportDebug|Any CPU.Build.0 = ExportDebug|Any CPU
		{37B15633-7916-4F04-9913-9DF8C7B61A5D}.ExportRelease|Any CPU.ActiveCfg = ExportRelease|Any CPU
		{37B15633-7916-4F04-9913-9DF8C7B61A5D}.ExportRelease|Any CPU.Build.0 = ExportRelease|Any CPU
	EndGlobalSection
EndGlobal
